// !$*UTF8*$!
{
	archiveVersion = 1;
	classes = {
	};
	objectVersion = 50;
	objects = {

/* Begin PBXBuildFile section */
		5CCEF4FB21F4D70F0094AE1E /* AppDelegate.swift in Sources */ = {isa = PBXBuildFile; fileRef = 5CCEF4FA21F4D70F0094AE1E /* AppDelegate.swift */; };
		5CCEF4FD21F4D70F0094AE1E /* ViewController.swift in Sources */ = {isa = PBXBuildFile; fileRef = 5CCEF4FC21F4D70F0094AE1E /* ViewController.swift */; };
		5CCEF50021F4D70F0094AE1E /* Main.storyboard in Resources */ = {isa = PBXBuildFile; fileRef = 5CCEF4FE21F4D70F0094AE1E /* Main.storyboard */; };
		5CCEF50221F4D7110094AE1E /* Assets.xcassets in Resources */ = {isa = PBXBuildFile; fileRef = 5CCEF50121F4D7110094AE1E /* Assets.xcassets */; };
		5CCEF50521F4D7110094AE1E /* LaunchScreen.storyboard in Resources */ = {isa = PBXBuildFile; fileRef = 5CCEF50321F4D7110094AE1E /* LaunchScreen.storyboard */; };
		5CCEF51621F5CF9A0094AE1E /* Chair.swift in Sources */ = {isa = PBXBuildFile; fileRef = 5CCEF51521F5CF9A0094AE1E /* Chair.swift */; };
		5CCEF51821F5CFCC0094AE1E /* Sofa.swift in Sources */ = {isa = PBXBuildFile; fileRef = 5CCEF51721F5CFCC0094AE1E /* Sofa.swift */; };
		5CCEF51A21F5CFE90094AE1E /* Table.swift in Sources */ = {isa = PBXBuildFile; fileRef = 5CCEF51921F5CFE90094AE1E /* Table.swift */; };
		5CCEF51F21F5D0C30094AE1E /* BedroomChair.swift in Sources */ = {isa = PBXBuildFile; fileRef = 5CCEF51E21F5D0C30094AE1E /* BedroomChair.swift */; };
		5CCEF52121F5D1260094AE1E /* BedroomTable.swift in Sources */ = {isa = PBXBuildFile; fileRef = 5CCEF52021F5D1260094AE1E /* BedroomTable.swift */; };
		5CCEF52321F5D1760094AE1E /* BedroomSofa.swift in Sources */ = {isa = PBXBuildFile; fileRef = 5CCEF52221F5D1760094AE1E /* BedroomSofa.swift */; };
		5CCEF52521F5D1C90094AE1E /* KitchenChair.swift in Sources */ = {isa = PBXBuildFile; fileRef = 5CCEF52421F5D1C90094AE1E /* KitchenChair.swift */; };
		5CCEF52721F5D24C0094AE1E /* KitchenTable.swift in Sources */ = {isa = PBXBuildFile; fileRef = 5CCEF52621F5D24C0094AE1E /* KitchenTable.swift */; };
		5CCEF52921F5D27F0094AE1E /* KitchenSofa.swift in Sources */ = {isa = PBXBuildFile; fileRef = 5CCEF52821F5D27F0094AE1E /* KitchenSofa.swift */; };
		5CCEF52B21F5D3180094AE1E /* AbstractFactory.swift in Sources */ = {isa = PBXBuildFile; fileRef = 5CCEF52A21F5D3180094AE1E /* AbstractFactory.swift */; };
		5CCEF52D21F5D3890094AE1E /* BedroomFactory.swift in Sources */ = {isa = PBXBuildFile; fileRef = 5CCEF52C21F5D3890094AE1E /* BedroomFactory.swift */; };
		5CCEF52F21F5D4FF0094AE1E /* KitchenFactory.swift in Sources */ = {isa = PBXBuildFile; fileRef = 5CCEF52E21F5D4FF0094AE1E /* KitchenFactory.swift */; };
		5CCEF53221F5DB060094AE1E /* DetailTableViewController.swift in Sources */ = {isa = PBXBuildFile; fileRef = 5CCEF53121F5DB060094AE1E /* DetailTableViewController.swift */; };
/* End PBXBuildFile section */

/* Begin PBXFileReference section */
		5CCEF4F721F4D70F0094AE1E /* Abstract Factory.app */ = {isa = PBXFileReference; explicitFileType = wrapper.application; includeInIndex = 0; path = "Abstract Factory.app"; sourceTree = BUILT_PRODUCTS_DIR; };
		5CCEF4FA21F4D70F0094AE1E /* AppDelegate.swift */ = {isa = PBXFileReference; lastKnownFileType = sourcecode.swift; path = AppDelegate.swift; sourceTree = "<group>"; };
		5CCEF4FC21F4D70F0094AE1E /* ViewController.swift */ = {isa = PBXFileReference; lastKnownFileType = sourcecode.swift; path = ViewController.swift; sourceTree = "<group>"; };
		5CCEF4FF21F4D70F0094AE1E /* Base */ = {isa = PBXFileReference; lastKnownFileType = file.storyboard; name = Base; path = Base.lproj/Main.storyboard; sourceTree = "<group>"; };
		5CCEF50121F4D7110094AE1E /* Assets.xcassets */ = {isa = PBXFileReference; lastKnownFileType = folder.assetcatalog; path = Assets.xcassets; sourceTree = "<group>"; };
		5CCEF50421F4D7110094AE1E /* Base */ = {isa = PBXFileReference; lastKnownFileType = file.storyboard; name = Base; path = Base.lproj/LaunchScreen.storyboard; sourceTree = "<group>"; };
		5CCEF50621F4D7110094AE1E /* Info.plist */ = {isa = PBXFileReference; lastKnownFileType = text.plist.xml; path = Info.plist; sourceTree = "<group>"; };
		5CCEF50D21F4D7320094AE1E /* README.md */ = {isa = PBXFileReference; lastKnownFileType = net.daringfireball.markdown; path = README.md; sourceTree = "<group>"; };
		5CCEF50E21F4ED030094AE1E /* AbstractFactory.003.jpeg */ = {isa = PBXFileReference; lastKnownFileType = image.jpeg; path = AbstractFactory.003.jpeg; sourceTree = "<group>"; };
		5CCEF50F21F4ED030094AE1E /* AbstractFactory.002.jpeg */ = {isa = PBXFileReference; lastKnownFileType = image.jpeg; path = AbstractFactory.002.jpeg; sourceTree = "<group>"; };
		5CCEF51021F4ED030094AE1E /* AbstractFactory.001.jpeg */ = {isa = PBXFileReference; lastKnownFileType = image.jpeg; path = AbstractFactory.001.jpeg; sourceTree = "<group>"; };
		5CCEF51521F5CF9A0094AE1E /* Chair.swift */ = {isa = PBXFileReference; lastKnownFileType = sourcecode.swift; path = Chair.swift; sourceTree = "<group>"; };
		5CCEF51721F5CFCC0094AE1E /* Sofa.swift */ = {isa = PBXFileReference; lastKnownFileType = sourcecode.swift; path = Sofa.swift; sourceTree = "<group>"; };
		5CCEF51921F5CFE90094AE1E /* Table.swift */ = {isa = PBXFileReference; lastKnownFileType = sourcecode.swift; path = Table.swift; sourceTree = "<group>"; };
		5CCEF51E21F5D0C30094AE1E /* BedroomChair.swift */ = {isa = PBXFileReference; lastKnownFileType = sourcecode.swift; path = BedroomChair.swift; sourceTree = "<group>"; };
		5CCEF52021F5D1260094AE1E /* BedroomTable.swift */ = {isa = PBXFileReference; lastKnownFileType = sourcecode.swift; path = BedroomTable.swift; sourceTree = "<group>"; };
		5CCEF52221F5D1760094AE1E /* BedroomSofa.swift */ = {isa = PBXFileReference; lastKnownFileType = sourcecode.swift; path = BedroomSofa.swift; sourceTree = "<group>"; };
		5CCEF52421F5D1C90094AE1E /* KitchenChair.swift */ = {isa = PBXFileReference; lastKnownFileType = sourcecode.swift; path = KitchenChair.swift; sourceTree = "<group>"; };
		5CCEF52621F5D24C0094AE1E /* KitchenTable.swift */ = {isa = PBXFileReference; lastKnownFileType = sourcecode.swift; path = KitchenTable.swift; sourceTree = "<group>"; };
		5CCEF52821F5D27F0094AE1E /* KitchenSofa.swift */ = {isa = PBXFileReference; lastKnownFileType = sourcecode.swift; path = KitchenSofa.swift; sourceTree = "<group>"; };
		5CCEF52A21F5D3180094AE1E /* AbstractFactory.swift */ = {isa = PBXFileReference; lastKnownFileType = sourcecode.swift; path = AbstractFactory.swift; sourceTree = "<group>"; };
		5CCEF52C21F5D3890094AE1E /* BedroomFactory.swift */ = {isa = PBXFileReference; lastKnownFileType = sourcecode.swift; path = BedroomFactory.swift; sourceTree = "<group>"; };
		5CCEF52E21F5D4FF0094AE1E /* KitchenFactory.swift */ = {isa = PBXFileReference; lastKnownFileType = sourcecode.swift; path = KitchenFactory.swift; sourceTree = "<group>"; };
		5CCEF53121F5DB060094AE1E /* DetailTableViewController.swift */ = {isa = PBXFileReference; lastKnownFileType = sourcecode.swift; path = DetailTableViewController.swift; sourceTree = "<group>"; };
/* End PBXFileReference section */

/* Begin PBXFrameworksBuildPhase section */
		5CCEF4F421F4D70F0094AE1E /* Frameworks */ = {
			isa = PBXFrameworksBuildPhase;
			buildActionMask = 2147483647;
			files = (
			);
			runOnlyForDeploymentPostprocessing = 0;
		};
/* End PBXFrameworksBuildPhase section */

/* Begin PBXGroup section */
		5CCEF4EE21F4D70F0094AE1E = {
			isa = PBXGroup;
			children = (
				5CCEF50D21F4D7320094AE1E /* README.md */,
				5CCEF50C21F4D7230094AE1E /* screens */,
				5CCEF4F921F4D70F0094AE1E /* Abstract Factory */,
				5CCEF4F821F4D70F0094AE1E /* Products */,
			);
			sourceTree = "<group>";
		};
		5CCEF4F821F4D70F0094AE1E /* Products */ = {
			isa = PBXGroup;
			children = (
				5CCEF4F721F4D70F0094AE1E /* Abstract Factory.app */,
			);
			name = Products;
			sourceTree = "<group>";
		};
		5CCEF4F921F4D70F0094AE1E /* Abstract Factory */ = {
			isa = PBXGroup;
			children = (
				5CCEF51321F4F3D50094AE1E /* Model */,
				5CCEF51221F4F3CC0094AE1E /* View */,
				5CCEF51121F4F3C50094AE1E /* Controller */,
				5CCEF50121F4D7110094AE1E /* Assets.xcassets */,
				5CCEF4FA21F4D70F0094AE1E /* AppDelegate.swift */,
				5CCEF50621F4D7110094AE1E /* Info.plist */,
			);
			path = "Abstract Factory";
			sourceTree = "<group>";
		};
		5CCEF50C21F4D7230094AE1E /* screens */ = {
			isa = PBXGroup;
			children = (
				5CCEF51021F4ED030094AE1E /* AbstractFactory.001.jpeg */,
				5CCEF50F21F4ED030094AE1E /* AbstractFactory.002.jpeg */,
				5CCEF50E21F4ED030094AE1E /* AbstractFactory.003.jpeg */,
			);
			path = screens;
			sourceTree = "<group>";
		};
		5CCEF51121F4F3C50094AE1E /* Controller */ = {
			isa = PBXGroup;
			children = (
				5CCEF4FC21F4D70F0094AE1E /* ViewController.swift */,
				5CCEF53121F5DB060094AE1E /* DetailTableViewController.swift */,
			);
			path = Controller;
			sourceTree = "<group>";
		};
		5CCEF51221F4F3CC0094AE1E /* View */ = {
			isa = PBXGroup;
			children = (
				5CCEF4FE21F4D70F0094AE1E /* Main.storyboard */,
				5CCEF50321F4D7110094AE1E /* LaunchScreen.storyboard */,
			);
			path = View;
			sourceTree = "<group>";
		};
		5CCEF51321F4F3D50094AE1E /* Model */ = {
			isa = PBXGroup;
			children = (
				5CCEF51D21F5D0670094AE1E /* AbstractFactory */,
				5CCEF51421F5CF810094AE1E /* AbstractProducts */,
				5CCEF53021F5D5220094AE1E /* ConcreteFactory */,
				5CCEF51C21F5D04B0094AE1E /* KitchenFurniture */,
				5CCEF51B21F5D0330094AE1E /* BedroomFurniture */,
			);
			path = Model;
			sourceTree = "<group>";
		};
		5CCEF51421F5CF810094AE1E /* AbstractProducts */ = {
			isa = PBXGroup;
			children = (
				5CCEF51521F5CF9A0094AE1E /* Chair.swift */,
				5CCEF51721F5CFCC0094AE1E /* Sofa.swift */,
				5CCEF51921F5CFE90094AE1E /* Table.swift */,
			);
			path = AbstractProducts;
			sourceTree = "<group>";
		};
		5CCEF51B21F5D0330094AE1E /* BedroomFurniture */ = {
			isa = PBXGroup;
			children = (
				5CCEF51E21F5D0C30094AE1E /* BedroomChair.swift */,
				5CCEF52021F5D1260094AE1E /* BedroomTable.swift */,
				5CCEF52221F5D1760094AE1E /* BedroomSofa.swift */,
			);
			path = BedroomFurniture;
			sourceTree = "<group>";
		};
		5CCEF51C21F5D04B0094AE1E /* KitchenFurniture */ = {
			isa = PBXGroup;
			children = (
				5CCEF52421F5D1C90094AE1E /* KitchenChair.swift */,
				5CCEF52621F5D24C0094AE1E /* KitchenTable.swift */,
				5CCEF52821F5D27F0094AE1E /* KitchenSofa.swift */,
			);
			path = KitchenFurniture;
			sourceTree = "<group>";
		};
		5CCEF51D21F5D0670094AE1E /* AbstractFactory */ = {
			isa = PBXGroup;
			children = (
				5CCEF52A21F5D3180094AE1E /* AbstractFactory.swift */,
			);
			path = AbstractFactory;
			sourceTree = "<group>";
		};
		5CCEF53021F5D5220094AE1E /* ConcreteFactory */ = {
			isa = PBXGroup;
			children = (
				5CCEF52C21F5D3890094AE1E /* BedroomFactory.swift */,
				5CCEF52E21F5D4FF0094AE1E /* KitchenFactory.swift */,
			);
			path = ConcreteFactory;
			sourceTree = "<group>";
		};
/* End PBXGroup section */

/* Begin PBXNativeTarget section */
		5CCEF4F621F4D70F0094AE1E /* Abstract Factory */ = {
			isa = PBXNativeTarget;
			buildConfigurationList = 5CCEF50921F4D7110094AE1E /* Build configuration list for PBXNativeTarget "Abstract Factory" */;
			buildPhases = (
				5CCEF4F321F4D70F0094AE1E /* Sources */,
				5CCEF4F421F4D70F0094AE1E /* Frameworks */,
				5CCEF4F521F4D70F0094AE1E /* Resources */,
			);
			buildRules = (
			);
			dependencies = (
			);
			name = "Abstract Factory";
			productName = "Abstract Factory";
			productReference = 5CCEF4F721F4D70F0094AE1E /* Abstract Factory.app */;
			productType = "com.apple.product-type.application";
		};
/* End PBXNativeTarget section */

/* Begin PBXProject section */
		5CCEF4EF21F4D70F0094AE1E /* Project object */ = {
			isa = PBXProject;
			attributes = {
				LastSwiftUpdateCheck = 1010;
				LastUpgradeCheck = 1010;
				ORGANIZATIONNAME = "Evgeniy Ryshkov";
				TargetAttributes = {
					5CCEF4F621F4D70F0094AE1E = {
						CreatedOnToolsVersion = 10.1;
					};
				};
			};
			buildConfigurationList = 5CCEF4F221F4D70F0094AE1E /* Build configuration list for PBXProject "Abstract Factory" */;
			compatibilityVersion = "Xcode 9.3";
			developmentRegion = en;
			hasScannedForEncodings = 0;
			knownRegions = (
				en,
				Base,
			);
			mainGroup = 5CCEF4EE21F4D70F0094AE1E;
			productRefGroup = 5CCEF4F821F4D70F0094AE1E /* Products */;
			projectDirPath = "";
			projectRoot = "";
			targets = (
				5CCEF4F621F4D70F0094AE1E /* Abstract Factory */,
			);
		};
/* End PBXProject section */

/* Begin PBXResourcesBuildPhase section */
		5CCEF4F521F4D70F0094AE1E /* Resources */ = {
			isa = PBXResourcesBuildPhase;
			buildActionMask = 2147483647;
			files = (
				5CCEF50521F4D7110094AE1E /* LaunchScreen.storyboard in Resources */,
				5CCEF50221F4D7110094AE1E /* Assets.xcassets in Resources */,
				5CCEF50021F4D70F0094AE1E /* Main.storyboard in Resources */,
			);
			runOnlyForDeploymentPostprocessing = 0;
		};
/* End PBXResourcesBuildPhase section */

/* Begin PBXSourcesBuildPhase section */
		5CCEF4F321F4D70F0094AE1E /* Sources */ = {
			isa = PBXSourcesBuildPhase;
			buildActionMask = 2147483647;
			files = (
				5CCEF52B21F5D3180094AE1E /* AbstractFactory.swift in Sources */,
				5CCEF51F21F5D0C30094AE1E /* BedroomChair.swift in Sources */,
				5CCEF52121F5D1260094AE1E /* BedroomTable.swift in Sources */,
				5CCEF51621F5CF9A0094AE1E /* Chair.swift in Sources */,
				5CCEF52D21F5D3890094AE1E /* BedroomFactory.swift in Sources */,
				5CCEF52F21F5D4FF0094AE1E /* KitchenFactory.swift in Sources */,
				5CCEF53221F5DB060094AE1E /* DetailTableViewController.swift in Sources */,
				5CCEF52521F5D1C90094AE1E /* KitchenChair.swift in Sources */,
				5CCEF52921F5D27F0094AE1E /* KitchenSofa.swift in Sources */,
				5CCEF51A21F5CFE90094AE1E /* Table.swift in Sources */,
				5CCEF52721F5D24C0094AE1E /* KitchenTable.swift in Sources */,
				5CCEF4FD21F4D70F0094AE1E /* ViewController.swift in Sources */,
				5CCEF52321F5D1760094AE1E /* BedroomSofa.swift in Sources */,
				5CCEF51821F5CFCC0094AE1E /* Sofa.swift in Sources */,
				5CCEF4FB21F4D70F0094AE1E /* AppDelegate.swift in Sources */,
			);
			runOnlyForDeploymentPostprocessing = 0;
		};
/* End PBXSourcesBuildPhase section */

/* Begin PBXVariantGroup section */
		5CCEF4FE21F4D70F0094AE1E /* Main.storyboard */ = {
			isa = PBXVariantGroup;
			children = (
				5CCEF4FF21F4D70F0094AE1E /* Base */,
			);
			name = Main.storyboard;
			sourceTree = "<group>";
		};
		5CCEF50321F4D7110094AE1E /* LaunchScreen.storyboard */ = {
			isa = PBXVariantGroup;
			children = (
				5CCEF50421F4D7110094AE1E /* Base */,
			);
			name = LaunchScreen.storyboard;
			sourceTree = "<group>";
		};
/* End PBXVariantGroup section */

/* Begin XCBuildConfiguration section */
		5CCEF50721F4D7110094AE1E /* Debug */ = {
			isa = XCBuildConfiguration;
			buildSettings = {
				ALWAYS_SEARCH_USER_PATHS = NO;
				CLANG_ANALYZER_NONNULL = YES;
				CLANG_ANALYZER_NUMBER_OBJECT_CONVERSION = YES_AGGRESSIVE;
				CLANG_CXX_LANGUAGE_STANDARD = "gnu++14";
				CLANG_CXX_LIBRARY = "libc++";
				CLANG_ENABLE_MODULES = YES;
				CLANG_ENABLE_OBJC_ARC = YES;
				CLANG_ENABLE_OBJC_WEAK = YES;
				CLANG_WARN_BLOCK_CAPTURE_AUTORELEASING = YES;
				CLANG_WARN_BOOL_CONVERSION = YES;
				CLANG_WARN_COMMA = YES;
				CLANG_WARN_CONSTANT_CONVERSION = YES;
				CLANG_WARN_DEPRECATED_OBJC_IMPLEMENTATIONS = YES;
				CLANG_WARN_DIRECT_OBJC_ISA_USAGE = YES_ERROR;
				CLANG_WARN_DOCUMENTATION_COMMENTS = YES;
				CLANG_WARN_EMPTY_BODY = YES;
				CLANG_WARN_ENUM_CONVERSION = YES;
				CLANG_WARN_INFINITE_RECURSION = YES;
				CLANG_WARN_INT_CONVERSION = YES;
				CLANG_WARN_NON_LITERAL_NULL_CONVERSION = YES;
				CLANG_WARN_OBJC_IMPLICIT_RETAIN_SELF = YES;
				CLANG_WARN_OBJC_LITERAL_CONVERSION = YES;
				CLANG_WARN_OBJC_ROOT_CLASS = YES_ERROR;
				CLANG_WARN_RANGE_LOOP_ANALYSIS = YES;
				CLANG_WARN_STRICT_PROTOTYPES = YES;
				CLANG_WARN_SUSPICIOUS_MOVE = YES;
				CLANG_WARN_UNGUARDED_AVAILABILITY = YES_AGGRESSIVE;
				CLANG_WARN_UNREACHABLE_CODE = YES;
				CLANG_WARN__DUPLICATE_METHOD_MATCH = YES;
				CODE_SIGN_IDENTITY = "iPhone Developer";
				COPY_PHASE_STRIP = NO;
				DEBUG_INFORMATION_FORMAT = dwarf;
				ENABLE_STRICT_OBJC_MSGSEND = YES;
				ENABLE_TESTABILITY = YES;
				GCC_C_LANGUAGE_STANDARD = gnu11;
				GCC_DYNAMIC_NO_PIC = NO;
				GCC_NO_COMMON_BLOCKS = YES;
				GCC_OPTIMIZATION_LEVEL = 0;
				GCC_PREPROCESSOR_DEFINITIONS = (
					"DEBUG=1",
					"$(inherited)",
				);
				GCC_WARN_64_TO_32_BIT_CONVERSION = YES;
				GCC_WARN_ABOUT_RETURN_TYPE = YES_ERROR;
				GCC_WARN_UNDECLARED_SELECTOR = YES;
				GCC_WARN_UNINITIALIZED_AUTOS = YES_AGGRESSIVE;
				GCC_WARN_UNUSED_FUNCTION = YES;
				GCC_WARN_UNUSED_VARIABLE = YES;
				IPHONEOS_DEPLOYMENT_TARGET = 12.1;
				MTL_ENABLE_DEBUG_INFO = INCLUDE_SOURCE;
				MTL_FAST_MATH = YES;
				ONLY_ACTIVE_ARCH = YES;
				SDKROOT = iphoneos;
				SWIFT_ACTIVE_COMPILATION_CONDITIONS = DEBUG;
				SWIFT_OPTIMIZATION_LEVEL = "-Onone";
			};
			name = Debug;
		};
		5CCEF50821F4D7110094AE1E /* Release */ = {
			isa = XCBuildConfiguration;
			buildSettings = {
				ALWAYS_SEARCH_USER_PATHS = NO;
				CLANG_ANALYZER_NONNULL = YES;
				CLANG_ANALYZER_NUMBER_OBJECT_CONVERSION = YES_AGGRESSIVE;
				CLANG_CXX_LANGUAGE_STANDARD = "gnu++14";
				CLANG_CXX_LIBRARY = "libc++";
				CLANG_ENABLE_MODULES = YES;
				CLANG_ENABLE_OBJC_ARC = YES;
				CLANG_ENABLE_OBJC_WEAK = YES;
				CLANG_WARN_BLOCK_CAPTURE_AUTORELEASING = YES;
				CLANG_WARN_BOOL_CONVERSION = YES;
				CLANG_WARN_COMMA = YES;
				CLANG_WARN_CONSTANT_CONVERSION = YES;
				CLANG_WARN_DEPRECATED_OBJC_IMPLEMENTATIONS = YES;
				CLANG_WARN_DIRECT_OBJC_ISA_USAGE = YES_ERROR;
				CLANG_WARN_DOCUMENTATION_COMMENTS = YES;
				CLANG_WARN_EMPTY_BODY = YES;
				CLANG_WARN_ENUM_CONVERSION = YES;
				CLANG_WARN_INFINITE_RECURSION = YES;
				CLANG_WARN_INT_CONVERSION = YES;
				CLANG_WARN_NON_LITERAL_NULL_CONVERSION = YES;
				CLANG_WARN_OBJC_IMPLICIT_RETAIN_SELF = YES;
				CLANG_WARN_OBJC_LITERAL_CONVERSION = YES;
				CLANG_WARN_OBJC_ROOT_CLASS = YES_ERROR;
				CLANG_WARN_RANGE_LOOP_ANALYSIS = YES;
				CLANG_WARN_STRICT_PROTOTYPES = YES;
				CLANG_WARN_SUSPICIOUS_MOVE = YES;
				CLANG_WARN_UNGUARDED_AVAILABILITY = YES_AGGRESSIVE;
				CLANG_WARN_UNREACHABLE_CODE = YES;
				CLANG_WARN__DUPLICATE_METHOD_MATCH = YES;
				CODE_SIGN_IDENTITY = "iPhone Developer";
				COPY_PHASE_STRIP = NO;
				DEBUG_INFORMATION_FORMAT = "dwarf-with-dsym";
				ENABLE_NS_ASSERTIONS = NO;
				ENABLE_STRICT_OBJC_MSGSEND = YES;
				GCC_C_LANGUAGE_STANDARD = gnu11;
				GCC_NO_COMMON_BLOCKS = YES;
				GCC_WARN_64_TO_32_BIT_CONVERSION = YES;
				GCC_WARN_ABOUT_RETURN_TYPE = YES_ERROR;
				GCC_WARN_UNDECLARED_SELECTOR = YES;
				GCC_WARN_UNINITIALIZED_AUTOS = YES_AGGRESSIVE;
				GCC_WARN_UNUSED_FUNCTION = YES;
				GCC_WARN_UNUSED_VARIABLE = YES;
				IPHONEOS_DEPLOYMENT_TARGET = 12.1;
				MTL_ENABLE_DEBUG_INFO = NO;
				MTL_FAST_MATH = YES;
				SDKROOT = iphoneos;
				SWIFT_COMPILATION_MODE = wholemodule;
				SWIFT_OPTIMIZATION_LEVEL = "-O";
				VALIDATE_PRODUCT = YES;
			};
			name = Release;
		};
		5CCEF50A21F4D7110094AE1E /* Debug */ = {
			isa = XCBuildConfiguration;
			buildSettings = {
				ASSETCATALOG_COMPILER_APPICON_NAME = AppIcon;
				CODE_SIGN_STYLE = Manual;
				DEVELOPMENT_TEAM = Z256VMH9HM;
				INFOPLIST_FILE = "Abstract Factory/Info.plist";
				LD_RUNPATH_SEARCH_PATHS = (
					"$(inherited)",
					"@executable_path/Frameworks",
				);
				PRODUCT_BUNDLE_IDENTIFIER = "com.dum22ns90.com1004.Abstract-Factory";
				PRODUCT_NAME = "$(TARGET_NAME)";
				PROVISIONING_PROFILE_SPECIFIER = 2in1;
				SWIFT_VERSION = 4.2;
				TARGETED_DEVICE_FAMILY = "1,2";
			};
			name = Debug;
		};
		5CCEF50B21F4D7110094AE1E /* Release */ = {
			isa = XCBuildConfiguration;
			buildSettings = {
				ASSETCATALOG_COMPILER_APPICON_NAME = AppIcon;
				CODE_SIGN_STYLE = Manual;
				DEVELOPMENT_TEAM = Z256VMH9HM;
				INFOPLIST_FILE = "Abstract Factory/Info.plist";
				LD_RUNPATH_SEARCH_PATHS = (
					"$(inherited)",
					"@executable_path/Frameworks",
				);
				PRODUCT_BUNDLE_IDENTIFIER = "com.dum22ns90.com1004.Abstract-Factory";
				PRODUCT_NAME = "$(TARGET_NAME)";
				PROVISIONING_PROFILE_SPECIFIER = 2in1;
				SWIFT_VERSION = 4.2;
				TARGETED_DEVICE_FAMILY = "1,2";
			};
			name = Release;
		};
/* End XCBuildConfiguration section */

/* Begin XCConfigurationList section */
		5CCEF4F221F4D70F0094AE1E /* Build configuration list for PBXProject "Abstract Factory" */ = {
			isa = XCConfigurationList;
			buildConfigurations = (
				5CCEF50721F4D7110094AE1E /* Debug */,
				5CCEF50821F4D7110094AE1E /* Release */,
			);
			defaultConfigurationIsVisible = 0;
			defaultConfigurationName = Release;
		};
		5CCEF50921F4D7110094AE1E /* Build configuration list for PBXNativeTarget "Abstract Factory" */ = {
			isa = XCConfigurationList;
			buildConfigurations = (
				5CCEF50A21F4D7110094AE1E /* Debug */,
				5CCEF50B21F4D7110094AE1E /* Release */,
			);
			defaultConfigurationIsVisible = 0;
			defaultConfigurationName = Release;
		};
/* End XCConfigurationList section */
	};
	rootObject = 5CCEF4EF21F4D70F0094AE1E /* Project object */;
}
